
Microsoft Visual Studio Solution File, Format Version 12.00
# Visual Studio Version 17
VisualStudioVersion = 17.5.002.0
MinimumVisualStudioVersion = 10.0.40219.1
Project("{2150E333-8FDC-42A3-9474-1A3956D46DE8}") = "FirstCSharp", "FirstCSharp", "{AB76C4C2-D231-4E21-8F14-F5C6B2A1ED91}"
EndProject
Project("{9A19103F-16F7-4668-BE54-9A1E7A4F7556}") = "First", "FirstCSharp\First\First.csproj", "{8D586374-2291-42BD-AB8B-99329DF127E5}"
EndProject
Project("{9A19103F-16F7-4668-BE54-9A1E7A4F7556}") = "Second", "FirstCSharp\Second\Second.csproj", "{35FE882C-6A0C-4579-A8C7-1686EF94654D}"
EndProject
Global
	GlobalSection(SolutionConfigurationPlatforms) = preSolution
		Debug|Any CPU = Debug|Any CPU
		Release|Any CPU = Release|Any CPU
	EndGlobalSection
	GlobalSection(ProjectConfigurationPlatforms) = postSolution
		{8D586374-2291-42BD-AB8B-99329DF127E5}.Debug|Any CPU.ActiveCfg = Debug|Any CPU
		{8D586374-2291-42BD-AB8B-99329DF127E5}.Debug|Any CPU.Build.0 = Debug|Any CPU
		{8D586374-2291-42BD-AB8B-99329DF127E5}.Release|Any CPU.ActiveCfg = Release|Any CPU
		{8D586374-2291-42BD-AB8B-99329DF127E5}.Release|Any CPU.Build.0 = Release|Any CPU
		{35FE882C-6A0C-4579-A8C7-1686EF94654D}.Debug|Any CPU.ActiveCfg = Debug|Any CPU
		{35FE882C-6A0C-4579-A8C7-1686EF94654D}.Debug|Any CPU.Build.0 = Debug|Any CPU
		{35FE882C-6A0C-4579-A8C7-1686EF94654D}.Release|Any CPU.ActiveCfg = Release|Any CPU
		{35FE882C-6A0C-4579-A8C7-1686EF94654D}.Release|Any CPU.Build.0 = Release|Any CPU
	EndGlobalSection
	GlobalSection(SolutionProperties) = preSolution
		HideSolutionNode = FALSE
	EndGlobalSection
	GlobalSection(NestedProjects) = preSolution
		{8D586374-2291-42BD-AB8B-99329DF127E5} = {AB76C4C2-D231-4E21-8F14-F5C6B2A1ED91}
		{35FE882C-6A0C-4579-A8C7-1686EF94654D} = {AB76C4C2-D231-4E21-8F14-F5C6B2A1ED91}
	EndGlobalSection
	GlobalSection(ExtensibilityGlobals) = postSolution
		SolutionGuid = {052C11B0-2D1B-4722-9DB4-BF28F49F936E}
	EndGlobalSection
EndGlobal
